lockVersion: 2.0.0
id: 43187d3e-7c3c-4c11-b5d4-4b2334fb6d96
management:
  docChecksum: 3bb9be4afb2fadce5fd5e67aabc0a27e
  docVersion: 0.0.1
  speakeasyVersion: 1.377.3
  generationVersion: 2.404.2
  releaseVersion: 0.3.1
  configChecksum: bbc988fc5f10957865f300fe4b336e3d
  repoURL: https://github.com/dubinc/dub-php.git
  installationURL: https://github.com/dubinc/dub-php
features:
  php:
    core: 3.3.11
    deprecations: 2.81.1
    errors: 0.1.1
    examples: 2.81.3
    flattening: 2.81.1
    globalSecurity: 2.81.7
    globalSecurityFlattening: 0.1.0
    globalServerURLs: 2.82.1
    nameOverrides: 2.81.2
    responseFormat: 0.1.0
    unions: 0.1.1
generatedFiles:
  - src/SDKConfiguration.php
  - src/Links.php
  - src/QRCodes.php
  - src/Analytics.php
  - src/Events.php
  - src/Workspaces.php
  - src/Tags.php
  - src/Domains.php
  - src/Track.php
  - src/Metatags.php
  - src/Dub.php
  - src/DubBuilder.php
  - composer.json
  - phpstan.neon
  - phpunit.xml
  - pint.json
  - rector.php
  - src/Utils/DateHandler.php
  - src/Utils/DateTimeHandler.php
  - src/Utils/DefaultResponse.php
  - src/Utils/DefaultStream.php
  - src/Utils/EnumHandler.php
  - src/Utils/FormMetadata.php
  - src/Utils/Headers.php
  - src/Utils/JSON.php
  - src/Utils/MixedJSONHandler.php
  - src/Utils/MultipartMetadata.php
  - src/Utils/ParamsMetadata.php
  - src/Utils/PathParameters.php
  - src/Utils/PhpDocTypeParser.php
  - src/Utils/QueryParameters.php
  - src/Utils/RequestBodies.php
  - src/Utils/RequestMetadata.php
  - src/Utils/Security.php
  - src/Utils/SecurityClient.php
  - src/Utils/SecurityMetadata.php
  - src/Utils/SpeakeasyMetadata.php
  - src/Utils/UnionHandler.php
  - src/Utils/Utils.php
  - src/Models/Errors/SDKException.php
  - src/Models/Operations/Sort.php
  - src/Models/Operations/GetLinksRequest.php
  - src/Models/Operations/GetLinksResponse.php
  - src/Models/Operations/CreateLinkRequestBody.php
  - src/Models/Operations/CreateLinkResponse.php
  - src/Models/Operations/Three.php
  - src/Models/Operations/Two.php
  - src/Models/Operations/One.php
  - src/Models/Operations/GetLinksCountRequest.php
  - src/Models/Operations/GetLinksCountResponse.php
  - src/Models/Operations/GetLinkInfoRequest.php
  - src/Models/Operations/GetLinkInfoResponse.php
  - src/Models/Operations/DeleteLinkRequest.php
  - src/Models/Operations/DeleteLinkResponseBody.php
  - src/Models/Operations/DeleteLinkResponse.php
  - src/Models/Operations/UpdateLinkRequestBody.php
  - src/Models/Operations/UpdateLinkRequest.php
  - src/Models/Operations/UpdateLinkResponse.php
  - src/Models/Operations/RequestBody.php
  - src/Models/Operations/BulkCreateLinksResponse.php
  - src/Models/Operations/Data.php
  - src/Models/Operations/BulkUpdateLinksRequestBody.php
  - src/Models/Operations/BulkUpdateLinksResponse.php
  - src/Models/Operations/UpsertLinkRequestBody.php
  - src/Models/Operations/UpsertLinkResponse.php
  - src/Models/Operations/Level.php
  - src/Models/Operations/GetQRCodeRequest.php
  - src/Models/Operations/GetQRCodeResponse.php
  - src/Models/Operations/Event.php
  - src/Models/Operations/QueryParamGroupBy.php
  - src/Models/Operations/Interval.php
  - src/Models/Operations/RetrieveAnalyticsRequest.php
  - src/Models/Operations/RetrieveAnalyticsResponse.php
  - src/Models/Operations/QueryParamEvent.php
  - src/Models/Operations/QueryParamInterval.php
  - src/Models/Operations/Order.php
  - src/Models/Operations/SortBy.php
  - src/Models/Operations/ListEventsRequest.php
  - src/Models/Operations/ListEventsResponse.php
  - src/Models/Operations/GetWorkspaceRequest.php
  - src/Models/Operations/GetWorkspaceResponse.php
  - src/Models/Operations/UpdateWorkspaceRequestBody.php
  - src/Models/Operations/UpdateWorkspaceRequest.php
  - src/Models/Operations/UpdateWorkspaceResponse.php
  - src/Models/Operations/GetTagsResponse.php
  - src/Models/Operations/Color.php
  - src/Models/Operations/CreateTagRequestBody.php
  - src/Models/Operations/CreateTagResponse.php
  - src/Models/Operations/UpdateTagColor.php
  - src/Models/Operations/UpdateTagRequestBody.php
  - src/Models/Operations/UpdateTagRequest.php
  - src/Models/Operations/UpdateTagResponse.php
  - src/Models/Operations/ListDomainsRequest.php
  - src/Models/Operations/ListDomainsResponse.php
  - src/Models/Operations/CreateDomainRequestBody.php
  - src/Models/Operations/CreateDomainResponse.php
  - src/Models/Operations/DeleteDomainRequest.php
  - src/Models/Operations/DeleteDomainResponseBody.php
  - src/Models/Operations/DeleteDomainResponse.php
  - src/Models/Operations/UpdateDomainRequestBody.php
  - src/Models/Operations/UpdateDomainRequest.php
  - src/Models/Operations/UpdateDomainResponse.php
  - src/Models/Operations/TrackLeadRequestBody.php
  - src/Models/Operations/TrackLeadResponseBody.php
  - src/Models/Operations/TrackLeadResponse.php
  - src/Models/Operations/PaymentProcessor.php
  - src/Models/Operations/TrackSaleRequestBody.php
  - src/Models/Operations/TrackSaleResponseBody.php
  - src/Models/Operations/TrackSaleResponse.php
  - src/Models/Operations/TrackCustomerRequestBody.php
  - src/Models/Operations/TrackCustomerResponseBody.php
  - src/Models/Operations/TrackCustomerResponse.php
  - src/Models/Operations/GetMetatagsRequest.php
  - src/Models/Operations/GetMetatagsResponseBody.php
  - src/Models/Operations/GetMetatagsResponse.php
  - src/Models/Components/Geo.php
  - src/Models/Components/LinkSchema.php
  - src/Models/Components/Color.php
  - src/Models/Components/TagSchema.php
  - src/Models/Components/LinkGeoTargeting.php
  - src/Models/Components/ClicksCount.php
  - src/Models/Components/ClicksTimeseries.php
  - src/Models/Components/Country.php
  - src/Models/Components/ClicksCountries.php
  - src/Models/Components/ClicksCitiesCountry.php
  - src/Models/Components/ClicksCities.php
  - src/Models/Components/ClicksDevices.php
  - src/Models/Components/ClicksBrowsers.php
  - src/Models/Components/ClicksOS.php
  - src/Models/Components/ClicksReferers.php
  - src/Models/Components/ClicksTopLinks.php
  - src/Models/Components/ClicksTopUrls.php
  - src/Models/Components/LeadsCount.php
  - src/Models/Components/LeadsTimeseries.php
  - src/Models/Components/LeadsCountriesCountry.php
  - src/Models/Components/LeadsCountries.php
  - src/Models/Components/LeadsCitiesCountry.php
  - src/Models/Components/LeadsCities.php
  - src/Models/Components/LeadsDevices.php
  - src/Models/Components/LeadsBrowsers.php
  - src/Models/Components/LeadsOS.php
  - src/Models/Components/LeadsReferers.php
  - src/Models/Components/LeadsTopLinks.php
  - src/Models/Components/LeadsTopUrls.php
  - src/Models/Components/SalesCount.php
  - src/Models/Components/SalesTimeseries.php
  - src/Models/Components/SalesCountriesCountry.php
  - src/Models/Components/SalesCountries.php
  - src/Models/Components/SalesCitiesCountry.php
  - src/Models/Components/SalesCities.php
  - src/Models/Components/SalesDevices.php
  - src/Models/Components/SalesBrowsers.php
  - src/Models/Components/SalesOS.php
  - src/Models/Components/SalesReferers.php
  - src/Models/Components/SalesTopLinks.php
  - src/Models/Components/SalesTopUrls.php
  - src/Models/Components/CountryCode.php
  - src/Models/Components/ContinentCode.php
  - src/Models/Components/ClickEvents.php
  - src/Models/Components/Plan.php
  - src/Models/Components/Role.php
  - src/Models/Components/Users.php
  - src/Models/Components/Domains.php
  - src/Models/Components/WorkspaceSchema.php
  - src/Models/Components/DomainSchema.php
  - src/Models/Components/Security.php
  - src/Models/Errors/Code.php
  - src/Models/Errors/Error.php
  - src/Models/Errors/BadRequest.php
  - src/Models/Errors/UnauthorizedCode.php
  - src/Models/Errors/UnauthorizedError.php
  - src/Models/Errors/Unauthorized.php
  - src/Models/Errors/ForbiddenCode.php
  - src/Models/Errors/ForbiddenError.php
  - src/Models/Errors/Forbidden.php
  - src/Models/Errors/NotFoundCode.php
  - src/Models/Errors/NotFoundError.php
  - src/Models/Errors/NotFound.php
  - src/Models/Errors/ConflictCode.php
  - src/Models/Errors/ConflictError.php
  - src/Models/Errors/Conflict.php
  - src/Models/Errors/InviteExpiredCode.php
  - src/Models/Errors/InviteExpiredError.php
  - src/Models/Errors/InviteExpired.php
  - src/Models/Errors/UnprocessableEntityCode.php
  - src/Models/Errors/UnprocessableEntityError.php
  - src/Models/Errors/UnprocessableEntity.php
  - src/Models/Errors/RateLimitExceededCode.php
  - src/Models/Errors/RateLimitExceededError.php
  - src/Models/Errors/RateLimitExceeded.php
  - src/Models/Errors/InternalServerErrorCode.php
  - src/Models/Errors/InternalServerErrorError.php
  - src/Models/Errors/InternalServerError.php
  - docs/Models/Operations/QueryParamTagIds.md
  - docs/Models/Operations/QueryParamTagNames.md
  - docs/Models/Operations/Sort.md
  - docs/Models/Operations/GetLinksRequest.md
  - docs/Models/Operations/GetLinksResponse.md
  - docs/Models/Operations/TagIds.md
  - docs/Models/Operations/TagNames.md
  - docs/Models/Operations/CreateLinkRequestBody.md
  - docs/Models/Operations/CreateLinkResponse.md
  - docs/Models/Operations/GetLinksCountQueryParamTagIds.md
  - docs/Models/Operations/GetLinksCountQueryParamTagNames.md
  - docs/Models/Operations/Three.md
  - docs/Models/Operations/Two.md
  - docs/Models/Operations/One.md
  - docs/Models/Operations/GroupBy.md
  - docs/Models/Operations/GetLinksCountRequest.md
  - docs/Models/Operations/GetLinksCountResponse.md
  - docs/Models/Operations/GetLinkInfoRequest.md
  - docs/Models/Operations/GetLinkInfoResponse.md
  - docs/Models/Operations/DeleteLinkRequest.md
  - docs/Models/Operations/DeleteLinkResponseBody.md
  - docs/Models/Operations/DeleteLinkResponse.md
  - docs/Models/Operations/UpdateLinkTagIds.md
  - docs/Models/Operations/UpdateLinkTagNames.md
  - docs/Models/Operations/UpdateLinkRequestBody.md
  - docs/Models/Operations/UpdateLinkRequest.md
  - docs/Models/Operations/UpdateLinkResponse.md
  - docs/Models/Operations/BulkCreateLinksTagIds.md
  - docs/Models/Operations/BulkCreateLinksTagNames.md
  - docs/Models/Operations/RequestBody.md
  - docs/Models/Operations/BulkCreateLinksResponse.md
  - docs/Models/Operations/BulkUpdateLinksTagIds.md
  - docs/Models/Operations/BulkUpdateLinksTagNames.md
  - docs/Models/Operations/Data.md
  - docs/Models/Operations/BulkUpdateLinksRequestBody.md
  - docs/Models/Operations/BulkUpdateLinksResponse.md
  - docs/Models/Operations/UpsertLinkTagIds.md
  - docs/Models/Operations/UpsertLinkTagNames.md
  - docs/Models/Operations/UpsertLinkRequestBody.md
  - docs/Models/Operations/UpsertLinkResponse.md
  - docs/Models/Operations/Level.md
  - docs/Models/Operations/GetQRCodeRequest.md
  - docs/Models/Operations/GetQRCodeResponse.md
  - docs/Models/Operations/Event.md
  - docs/Models/Operations/QueryParamGroupBy.md
  - docs/Models/Operations/Interval.md
  - docs/Models/Operations/RetrieveAnalyticsRequest.md
  - docs/Models/Operations/RetrieveAnalyticsResponseBody.md
  - docs/Models/Operations/RetrieveAnalyticsResponse.md
  - docs/Models/Operations/QueryParamEvent.md
  - docs/Models/Operations/QueryParamInterval.md
  - docs/Models/Operations/Order.md
  - docs/Models/Operations/SortBy.md
  - docs/Models/Operations/ListEventsRequest.md
  - docs/Models/Operations/ListEventsResponse.md
  - docs/Models/Operations/GetWorkspaceRequest.md
  - docs/Models/Operations/GetWorkspaceResponse.md
  - docs/Models/Operations/UpdateWorkspaceRequestBody.md
  - docs/Models/Operations/UpdateWorkspaceRequest.md
  - docs/Models/Operations/UpdateWorkspaceResponse.md
  - docs/Models/Operations/GetTagsResponse.md
  - docs/Models/Operations/Color.md
  - docs/Models/Operations/CreateTagRequestBody.md
  - docs/Models/Operations/CreateTagResponse.md
  - docs/Models/Operations/UpdateTagColor.md
  - docs/Models/Operations/UpdateTagRequestBody.md
  - docs/Models/Operations/UpdateTagRequest.md
  - docs/Models/Operations/UpdateTagResponse.md
  - docs/Models/Operations/ListDomainsRequest.md
  - docs/Models/Operations/ListDomainsResponse.md
  - docs/Models/Operations/CreateDomainRequestBody.md
  - docs/Models/Operations/CreateDomainResponse.md
  - docs/Models/Operations/DeleteDomainRequest.md
  - docs/Models/Operations/DeleteDomainResponseBody.md
  - docs/Models/Operations/DeleteDomainResponse.md
  - docs/Models/Operations/UpdateDomainRequestBody.md
  - docs/Models/Operations/UpdateDomainRequest.md
  - docs/Models/Operations/UpdateDomainResponse.md
  - docs/Models/Operations/TrackLeadRequestBody.md
  - docs/Models/Operations/TrackLeadResponseBody.md
  - docs/Models/Operations/TrackLeadResponse.md
  - docs/Models/Operations/PaymentProcessor.md
  - docs/Models/Operations/TrackSaleRequestBody.md
  - docs/Models/Operations/TrackSaleResponseBody.md
  - docs/Models/Operations/TrackSaleResponse.md
  - docs/Models/Operations/TrackCustomerRequestBody.md
  - docs/Models/Operations/TrackCustomerResponseBody.md
  - docs/Models/Operations/TrackCustomerResponse.md
  - docs/Models/Operations/GetMetatagsRequest.md
  - docs/Models/Operations/GetMetatagsResponseBody.md
  - docs/Models/Operations/GetMetatagsResponse.md
  - docs/Models/Components/Geo.md
  - docs/Models/Components/LinkSchema.md
  - docs/Models/Components/Color.md
  - docs/Models/Components/TagSchema.md
  - docs/Models/Components/LinkGeoTargeting.md
  - docs/Models/Components/ClicksCount.md
  - docs/Models/Components/ClicksTimeseries.md
  - docs/Models/Components/Country.md
  - docs/Models/Components/ClicksCountries.md
  - docs/Models/Components/ClicksCitiesCountry.md
  - docs/Models/Components/ClicksCities.md
  - docs/Models/Components/ClicksDevices.md
  - docs/Models/Components/ClicksBrowsers.md
  - docs/Models/Components/ClicksOS.md
  - docs/Models/Components/ClicksReferers.md
  - docs/Models/Components/ClicksTopLinks.md
  - docs/Models/Components/ClicksTopUrls.md
  - docs/Models/Components/LeadsCount.md
  - docs/Models/Components/LeadsTimeseries.md
  - docs/Models/Components/LeadsCountriesCountry.md
  - docs/Models/Components/LeadsCountries.md
  - docs/Models/Components/LeadsCitiesCountry.md
  - docs/Models/Components/LeadsCities.md
  - docs/Models/Components/LeadsDevices.md
  - docs/Models/Components/LeadsBrowsers.md
  - docs/Models/Components/LeadsOS.md
  - docs/Models/Components/LeadsReferers.md
  - docs/Models/Components/LeadsTopLinks.md
  - docs/Models/Components/LeadsTopUrls.md
  - docs/Models/Components/SalesCount.md
  - docs/Models/Components/SalesTimeseries.md
  - docs/Models/Components/SalesCountriesCountry.md
  - docs/Models/Components/SalesCountries.md
  - docs/Models/Components/SalesCitiesCountry.md
  - docs/Models/Components/SalesCities.md
  - docs/Models/Components/SalesDevices.md
  - docs/Models/Components/SalesBrowsers.md
  - docs/Models/Components/SalesOS.md
  - docs/Models/Components/SalesReferers.md
  - docs/Models/Components/SalesTopLinks.md
  - docs/Models/Components/SalesTopUrls.md
  - docs/Models/Components/CountryCode.md
  - docs/Models/Components/ContinentCode.md
  - docs/Models/Components/ClickEvents.md
  - docs/Models/Components/Plan.md
  - docs/Models/Components/Role.md
  - docs/Models/Components/Users.md
  - docs/Models/Components/Domains.md
  - docs/Models/Components/WorkspaceSchema.md
  - docs/Models/Components/DomainSchema.md
  - docs/Models/Components/Security.md
  - docs/Models/Errors/Code.md
  - docs/Models/Errors/Error.md
  - docs/Models/Errors/BadRequest.md
  - docs/Models/Errors/UnauthorizedCode.md
  - docs/Models/Errors/UnauthorizedError.md
  - docs/Models/Errors/Unauthorized.md
  - docs/Models/Errors/ForbiddenCode.md
  - docs/Models/Errors/ForbiddenError.md
  - docs/Models/Errors/Forbidden.md
  - docs/Models/Errors/NotFoundCode.md
  - docs/Models/Errors/NotFoundError.md
  - docs/Models/Errors/NotFound.md
  - docs/Models/Errors/ConflictCode.md
  - docs/Models/Errors/ConflictError.md
  - docs/Models/Errors/Conflict.md
  - docs/Models/Errors/InviteExpiredCode.md
  - docs/Models/Errors/InviteExpiredError.md
  - docs/Models/Errors/InviteExpired.md
  - docs/Models/Errors/UnprocessableEntityCode.md
  - docs/Models/Errors/UnprocessableEntityError.md
  - docs/Models/Errors/UnprocessableEntity.md
  - docs/Models/Errors/RateLimitExceededCode.md
  - docs/Models/Errors/RateLimitExceededError.md
  - docs/Models/Errors/RateLimitExceeded.md
  - docs/Models/Errors/InternalServerErrorCode.md
  - docs/Models/Errors/InternalServerErrorError.md
  - docs/Models/Errors/InternalServerError.md
  - docs/sdks/dub/README.md
  - docs/sdks/links/README.md
  - docs/sdks/qrcodes/README.md
  - docs/sdks/analytics/README.md
  - docs/sdks/events/README.md
  - docs/sdks/workspaces/README.md
  - docs/sdks/tags/README.md
  - docs/sdks/domains/README.md
  - docs/sdks/track/README.md
  - docs/sdks/metatags/README.md
  - USAGE.md
  - .gitattributes
  - CONTRIBUTING.md
