lockVersion: 2.0.0
id: 43187d3e-7c3c-4c11-b5d4-4b2334fb6d96
management:
  docChecksum: 69dc05faa844a9e17f9180677089eb25
  docVersion: 0.0.1
  speakeasyVersion: 1.272.0
  generationVersion: 2.312.1
  releaseVersion: 0.0.1
  configChecksum: 98c917f95c0cf3535a24ed9e468ebc38
features:
  php:
    core: 3.3.3
    deprecations: 2.81.1
    examples: 2.81.3
    flattening: 2.81.1
    globalSecurity: 2.81.6
    globalServerURLs: 2.82.1
    globals: 2.82.1
    nameOverrides: 2.81.2
generatedFiles:
  - src/SDKConfiguration.php
  - src/Links.php
  - src/QRCodes.php
  - src/Analytics.php
  - src/Workspaces.php
  - src/Tags.php
  - src/Domains.php
  - src/Track.php
  - src/Metatags.php
  - src/Dub.php
  - src/DubBuilder.php
  - composer.json
  - phpstan.neon
  - rector.php
  - src/Utils/EnumHandler.php
  - src/Utils/FormMetadata.php
  - src/Utils/Headers.php
  - src/Utils/JSON.php
  - src/Utils/MixedJSONHandler.php
  - src/Utils/MultipartMetadata.php
  - src/Utils/ParamsMetadata.php
  - src/Utils/PathParameters.php
  - src/Utils/QueryParameters.php
  - src/Utils/RequestBodies.php
  - src/Utils/RequestMetadata.php
  - src/Utils/Security.php
  - src/Utils/SecurityClient.php
  - src/Utils/SecurityMetadata.php
  - src/Utils/SpeakeasyMetadata.php
  - src/Utils/Utils.php
  - src/Models/Operations/Sort.php
  - src/Models/Operations/GetLinksRequest.php
  - src/Models/Operations/GetLinksResponse.php
  - src/Models/Operations/CreateLinkRequestBody.php
  - src/Models/Operations/CreateLinkRequest.php
  - src/Models/Operations/CreateLinkResponse.php
  - src/Models/Operations/GetLinksCountRequest.php
  - src/Models/Operations/GetLinksCountResponse.php
  - src/Models/Operations/GetLinkInfoRequest.php
  - src/Models/Operations/GetLinkInfoResponse.php
  - src/Models/Operations/DeleteLinkRequest.php
  - src/Models/Operations/DeleteLinkResponseBody.php
  - src/Models/Operations/DeleteLinkResponse.php
  - src/Models/Operations/UpdateLinkRequestBody.php
  - src/Models/Operations/UpdateLinkRequest.php
  - src/Models/Operations/UpdateLinkResponse.php
  - src/Models/Operations/RequestBody.php
  - src/Models/Operations/BulkCreateLinksRequest.php
  - src/Models/Operations/BulkCreateLinksResponse.php
  - src/Models/Operations/UpsertLinkRequestBody.php
  - src/Models/Operations/UpsertLinkRequest.php
  - src/Models/Operations/UpsertLinkResponse.php
  - src/Models/Operations/Level.php
  - src/Models/Operations/GetQRCodeRequest.php
  - src/Models/Operations/GetQRCodeResponse.php
  - src/Models/Operations/Event.php
  - src/Models/Operations/GroupBy.php
  - src/Models/Operations/Interval.php
  - src/Models/Operations/RetrieveAnalyticsRequest.php
  - src/Models/Operations/RetrieveAnalyticsResponse.php
  - src/Models/Operations/GetWorkspacesResponse.php
  - src/Models/Operations/CreateWorkspaceRequestBody.php
  - src/Models/Operations/CreateWorkspaceResponse.php
  - src/Models/Operations/GetWorkspaceRequest.php
  - src/Models/Operations/GetWorkspaceResponse.php
  - src/Models/Operations/GetTagsRequest.php
  - src/Models/Operations/GetTagsResponse.php
  - src/Models/Operations/Color.php
  - src/Models/Operations/CreateTagRequestBody.php
  - src/Models/Operations/CreateTagRequest.php
  - src/Models/Operations/CreateTagResponse.php
  - src/Models/Operations/ListDomainsRequest.php
  - src/Models/Operations/ListDomainsResponse.php
  - src/Models/Operations/Type.php
  - src/Models/Operations/AddDomainRequestBody.php
  - src/Models/Operations/AddDomainRequest.php
  - src/Models/Operations/AddDomainResponse.php
  - src/Models/Operations/DeleteDomainRequest.php
  - src/Models/Operations/DeleteDomainResponseBody.php
  - src/Models/Operations/DeleteDomainResponse.php
  - src/Models/Operations/UpdateDomainType.php
  - src/Models/Operations/UpdateDomainRequestBody.php
  - src/Models/Operations/UpdateDomainRequest.php
  - src/Models/Operations/UpdateDomainResponse.php
  - src/Models/Operations/SetPrimaryDomainRequest.php
  - src/Models/Operations/SetPrimaryDomainResponse.php
  - src/Models/Operations/TransferDomainRequestBody.php
  - src/Models/Operations/TransferDomainRequest.php
  - src/Models/Operations/TransferDomainResponse.php
  - src/Models/Operations/TrackLeadRequestBody.php
  - src/Models/Operations/TrackLeadResponseBody.php
  - src/Models/Operations/TrackLeadResponse.php
  - src/Models/Operations/PaymentProcessor.php
  - src/Models/Operations/TrackSaleRequestBody.php
  - src/Models/Operations/TrackSaleResponseBody.php
  - src/Models/Operations/TrackSaleResponse.php
  - src/Models/Operations/TrackCustomerRequestBody.php
  - src/Models/Operations/TrackCustomerResponseBody.php
  - src/Models/Operations/TrackCustomerResponse.php
  - src/Models/Operations/GetMetatagsRequest.php
  - src/Models/Operations/GetMetatagsResponseBody.php
  - src/Models/Operations/GetMetatagsResponse.php
  - src/Models/Components/InternalServerErrorCode.php
  - src/Models/Components/InternalServerErrorError.php
  - src/Models/Components/InternalServerError.php
  - src/Models/Components/RateLimitExceededCode.php
  - src/Models/Components/RateLimitExceededError.php
  - src/Models/Components/RateLimitExceeded.php
  - src/Models/Components/UnprocessableEntityCode.php
  - src/Models/Components/UnprocessableEntityError.php
  - src/Models/Components/UnprocessableEntity.php
  - src/Models/Components/InviteExpiredCode.php
  - src/Models/Components/InviteExpiredError.php
  - src/Models/Components/InviteExpired.php
  - src/Models/Components/ConflictCode.php
  - src/Models/Components/ConflictError.php
  - src/Models/Components/Conflict.php
  - src/Models/Components/NotFoundCode.php
  - src/Models/Components/NotFoundError.php
  - src/Models/Components/NotFound.php
  - src/Models/Components/ForbiddenCode.php
  - src/Models/Components/ForbiddenError.php
  - src/Models/Components/Forbidden.php
  - src/Models/Components/UnauthorizedCode.php
  - src/Models/Components/UnauthorizedError.php
  - src/Models/Components/Unauthorized.php
  - src/Models/Components/Code.php
  - src/Models/Components/Error.php
  - src/Models/Components/BadRequest.php
  - src/Models/Components/Geo.php
  - src/Models/Components/LinkSchema.php
  - src/Models/Components/Color.php
  - src/Models/Components/TagSchema.php
  - src/Models/Components/LinkGeoTargeting.php
  - src/Models/Components/CountryCode.php
  - src/Models/Components/Plan.php
  - src/Models/Components/Role.php
  - src/Models/Components/Users.php
  - src/Models/Components/Domains.php
  - src/Models/Components/WorkspaceSchema.php
  - src/Models/Components/Type.php
  - src/Models/Components/DomainSchema.php
  - src/Models/Components/Security.php
  - docs/Models/Operations/Sort.md
  - docs/Models/Operations/GetLinksRequest.md
  - docs/Models/Operations/GetLinksResponse.md
  - docs/Models/Operations/CreateLinkRequestBody.md
  - docs/Models/Operations/CreateLinkRequest.md
  - docs/Models/Operations/CreateLinkResponse.md
  - docs/Models/Operations/GetLinksCountRequest.md
  - docs/Models/Operations/GetLinksCountResponse.md
  - docs/Models/Operations/GetLinkInfoRequest.md
  - docs/Models/Operations/GetLinkInfoResponse.md
  - docs/Models/Operations/DeleteLinkRequest.md
  - docs/Models/Operations/DeleteLinkResponseBody.md
  - docs/Models/Operations/DeleteLinkResponse.md
  - docs/Models/Operations/UpdateLinkRequestBody.md
  - docs/Models/Operations/UpdateLinkRequest.md
  - docs/Models/Operations/UpdateLinkResponse.md
  - docs/Models/Operations/RequestBody.md
  - docs/Models/Operations/BulkCreateLinksRequest.md
  - docs/Models/Operations/BulkCreateLinksResponse.md
  - docs/Models/Operations/UpsertLinkRequestBody.md
  - docs/Models/Operations/UpsertLinkRequest.md
  - docs/Models/Operations/UpsertLinkResponse.md
  - docs/Models/Operations/Level.md
  - docs/Models/Operations/GetQRCodeRequest.md
  - docs/Models/Operations/GetQRCodeResponse.md
  - docs/Models/Operations/Event.md
  - docs/Models/Operations/GroupBy.md
  - docs/Models/Operations/Interval.md
  - docs/Models/Operations/RetrieveAnalyticsRequest.md
  - docs/Models/Operations/RetrieveAnalyticsResponse.md
  - docs/Models/Operations/GetWorkspacesResponse.md
  - docs/Models/Operations/CreateWorkspaceRequestBody.md
  - docs/Models/Operations/CreateWorkspaceResponse.md
  - docs/Models/Operations/GetWorkspaceRequest.md
  - docs/Models/Operations/GetWorkspaceResponse.md
  - docs/Models/Operations/GetTagsRequest.md
  - docs/Models/Operations/GetTagsResponse.md
  - docs/Models/Operations/Color.md
  - docs/Models/Operations/CreateTagRequestBody.md
  - docs/Models/Operations/CreateTagRequest.md
  - docs/Models/Operations/CreateTagResponse.md
  - docs/Models/Operations/ListDomainsRequest.md
  - docs/Models/Operations/ListDomainsResponse.md
  - docs/Models/Operations/Type.md
  - docs/Models/Operations/AddDomainRequestBody.md
  - docs/Models/Operations/AddDomainRequest.md
  - docs/Models/Operations/AddDomainResponse.md
  - docs/Models/Operations/DeleteDomainRequest.md
  - docs/Models/Operations/DeleteDomainResponseBody.md
  - docs/Models/Operations/DeleteDomainResponse.md
  - docs/Models/Operations/UpdateDomainType.md
  - docs/Models/Operations/UpdateDomainRequestBody.md
  - docs/Models/Operations/UpdateDomainRequest.md
  - docs/Models/Operations/UpdateDomainResponse.md
  - docs/Models/Operations/SetPrimaryDomainRequest.md
  - docs/Models/Operations/SetPrimaryDomainResponse.md
  - docs/Models/Operations/TransferDomainRequestBody.md
  - docs/Models/Operations/TransferDomainRequest.md
  - docs/Models/Operations/TransferDomainResponse.md
  - docs/Models/Operations/TrackLeadRequestBody.md
  - docs/Models/Operations/TrackLeadResponseBody.md
  - docs/Models/Operations/TrackLeadResponse.md
  - docs/Models/Operations/PaymentProcessor.md
  - docs/Models/Operations/TrackSaleRequestBody.md
  - docs/Models/Operations/TrackSaleResponseBody.md
  - docs/Models/Operations/TrackSaleResponse.md
  - docs/Models/Operations/TrackCustomerRequestBody.md
  - docs/Models/Operations/TrackCustomerResponseBody.md
  - docs/Models/Operations/TrackCustomerResponse.md
  - docs/Models/Operations/GetMetatagsRequest.md
  - docs/Models/Operations/GetMetatagsResponseBody.md
  - docs/Models/Operations/GetMetatagsResponse.md
  - docs/Models/Components/InternalServerErrorCode.md
  - docs/Models/Components/InternalServerErrorError.md
  - docs/Models/Components/InternalServerError.md
  - docs/Models/Components/RateLimitExceededCode.md
  - docs/Models/Components/RateLimitExceededError.md
  - docs/Models/Components/RateLimitExceeded.md
  - docs/Models/Components/UnprocessableEntityCode.md
  - docs/Models/Components/UnprocessableEntityError.md
  - docs/Models/Components/UnprocessableEntity.md
  - docs/Models/Components/InviteExpiredCode.md
  - docs/Models/Components/InviteExpiredError.md
  - docs/Models/Components/InviteExpired.md
  - docs/Models/Components/ConflictCode.md
  - docs/Models/Components/ConflictError.md
  - docs/Models/Components/Conflict.md
  - docs/Models/Components/NotFoundCode.md
  - docs/Models/Components/NotFoundError.md
  - docs/Models/Components/NotFound.md
  - docs/Models/Components/ForbiddenCode.md
  - docs/Models/Components/ForbiddenError.md
  - docs/Models/Components/Forbidden.md
  - docs/Models/Components/UnauthorizedCode.md
  - docs/Models/Components/UnauthorizedError.md
  - docs/Models/Components/Unauthorized.md
  - docs/Models/Components/Code.md
  - docs/Models/Components/Error.md
  - docs/Models/Components/BadRequest.md
  - docs/Models/Components/Geo.md
  - docs/Models/Components/LinkSchema.md
  - docs/Models/Components/Color.md
  - docs/Models/Components/TagSchema.md
  - docs/Models/Components/LinkGeoTargeting.md
  - docs/Models/Components/CountryCode.md
  - docs/Models/Components/Plan.md
  - docs/Models/Components/Role.md
  - docs/Models/Components/Users.md
  - docs/Models/Components/Domains.md
  - docs/Models/Components/WorkspaceSchema.md
  - docs/Models/Components/Type.md
  - docs/Models/Components/DomainSchema.md
  - docs/Models/Components/Security.md
  - docs/sdks/dub/README.md
  - docs/sdks/links/README.md
  - docs/sdks/qrcodes/README.md
  - docs/sdks/analytics/README.md
  - docs/sdks/workspaces/README.md
  - docs/sdks/tags/README.md
  - docs/sdks/domains/README.md
  - docs/sdks/track/README.md
  - docs/sdks/metatags/README.md
  - USAGE.md
  - .gitattributes
