speakeasyVersion: 1.390.1
sources:
    dub:
        sourceNamespace: dub
        sourceRevisionDigest: sha256:3e1606c84268b79ec241ffca2410bf0fc6fb2def685eb62e28cf07f333e39d80
        sourceBlobDigest: sha256:0610a3a3d2096fc72cdfd1c92b1be59f41530f7b48dc93566bc297baefcf3882
        tags:
            - latest
            - main
targets:
    my-first-target:
        source: dub
        sourceNamespace: dub
        sourceRevisionDigest: sha256:3e1606c84268b79ec241ffca2410bf0fc6fb2def685eb62e28cf07f333e39d80
        sourceBlobDigest: sha256:0610a3a3d2096fc72cdfd1c92b1be59f41530f7b48dc93566bc297baefcf3882
        codeSamplesNamespace: code-samples-php-my-first-target
        codeSamplesRevisionDigest: sha256:e3c92bf8602d9ca18e356bbf494a95a1d18ca37240678b10f0f3a10a049e7850
        outLocation: /github/workspace/repo
workflow:
    workflowVersion: 1.0.0
    speakeasyVersion: latest
    sources:
        dub:
            inputs:
                - location: https://api.dub.co
            registry:
                location: registry.speakeasyapi.dev/dub/dub/dub
    targets:
        my-first-target:
            target: php
            source: dub
            codeSamples:
                output: codeSamples.yaml
                registry:
                    location: registry.speakeasyapi.dev/dub/dub/code-samples-php-my-first-target
