speakeasyVersion: 1.543.4
sources:
    dub:
        sourceNamespace: dub
        sourceRevisionDigest: sha256:6676f87b7711bac7f55d02102957c60a4e510237080329bc1f23b083b642748a
        sourceBlobDigest: sha256:f1d38f09c6ec9165cb5ab2e7a188eaac5a0e8d574a2b84019e3ef440ad432f5d
        tags:
            - latest
            - speakeasy-sdk-regen-1746750151
            - 0.0.1
targets:
    my-first-target:
        source: dub
        sourceNamespace: dub
        sourceRevisionDigest: sha256:6676f87b7711bac7f55d02102957c60a4e510237080329bc1f23b083b642748a
        sourceBlobDigest: sha256:f1d38f09c6ec9165cb5ab2e7a188eaac5a0e8d574a2b84019e3ef440ad432f5d
        codeSamplesNamespace: code-samples-php-my-first-target
        codeSamplesRevisionDigest: sha256:89912ceb4fd7b461e30035934dd547b904e9ed05446fce4d42a0db34a78635bb
workflow:
    workflowVersion: 1.0.0
    speakeasyVersion: latest
    sources:
        dub:
            inputs:
                - location: https://api.dub.co
            registry:
                location: registry.speakeasyapi.dev/dub/dub/dub
    targets:
        my-first-target:
            target: php
            source: dub
            publish:
                packagist:
                    username: dub
                    token: $packagist_token
            codeSamples:
                output: codeSamples.yaml
                registry:
                    location: registry.speakeasyapi.dev/dub/dub/code-samples-php-my-first-target
